
Microsoft Visual Studio Solution File, Format Version 12.00
# Visual Studio Version 17
VisualStudioVersion = 17.1.32421.90
MinimumVisualStudioVersion = 10.0.40219.1
Project("{FAE04EC0-301F-11D3-BF4B-00C04F79EFBC}") = "Server2", "Server2\Server2.csproj", "{0EE41F9D-88D5-47DD-8D94-06E55FEA212A}"
EndProject
Global
	GlobalSection(SolutionConfigurationPlatforms) = preSolution
		Debug|Any CPU = Debug|Any CPU
		Release|Any CPU = Release|Any CPU
	EndGlobalSection
	GlobalSection(ProjectConfigurationPlatforms) = postSolution
		{0EE41F9D-88D5-47DD-8D94-06E55FEA212A}.Debug|Any CPU.ActiveCfg = Debug|Any CPU
		{0EE41F9D-88D5-47DD-8D94-06E55FEA212A}.Debug|Any CPU.Build.0 = Debug|Any CPU
		{0EE41F9D-88D5-47DD-8D94-06E55FEA212A}.Release|Any CPU.ActiveCfg = Release|Any CPU
		{0EE41F9D-88D5-47DD-8D94-06E55FEA212A}.Release|Any CPU.Build.0 = Release|Any CPU
	EndGlobalSection
	GlobalSection(SolutionProperties) = preSolution
		HideSolutionNode = FALSE
	EndGlobalSection
	GlobalSection(ExtensibilityGlobals) = postSolution
		SolutionGuid = {D4E4FEBE-FD74-417A-BC80-169780A4B159}
	EndGlobalSection
EndGlobal
